
Microsoft Visual Studio Solution File, Format Version 12.00
# Visual Studio Version 16
VisualStudioVersion = 16.0.31025.194
MinimumVisualStudioVersion = 10.0.40219.1
Project("{FAE04EC0-301F-11D3-BF4B-00C04F79EFBC}") = "WebEpSIF", "WebEpSIF\WebEpSIF.csproj", "{1C20DA5C-2878-4393-ABE5-BDBD0FCE40DF}"
EndProject
Project("{FAE04EC0-301F-11D3-BF4B-00C04F79EFBC}") = "DAO", "DAO\DAO.csproj", "{282AD42F-62B5-4984-96A9-A496C33DA159}"
EndProject
Project("{FAE04EC0-301F-11D3-BF4B-00C04F79EFBC}") = "NEGOCIO", "NEGOCIO\NEGOCIO.csproj", "{91840955-9B89-463D-A60E-8850948F93C3}"
EndProject
Project("{FAE04EC0-301F-11D3-BF4B-00C04F79EFBC}") = "ENTIDADES", "ENTIDADES\ENTIDADES.csproj", "{A0BC2EAA-7290-4053-B961-BF8172AA2321}"
EndProject
Project("{FAE04EC0-301F-11D3-BF4B-00C04F79EFBC}") = "BOOTSTRAP", "BOOTSTRAP\BOOTSTRAP.csproj", "{268ED767-FB29-4930-B326-DDEF5249BDE8}"
EndProject
Global
	GlobalSection(SolutionConfigurationPlatforms) = preSolution
		Debug|Any CPU = Debug|Any CPU
		Release|Any CPU = Release|Any CPU
	EndGlobalSection
	GlobalSection(ProjectConfigurationPlatforms) = postSolution
		{1C20DA5C-2878-4393-ABE5-BDBD0FCE40DF}.Debug|Any CPU.ActiveCfg = Debug|Any CPU
		{1C20DA5C-2878-4393-ABE5-BDBD0FCE40DF}.Debug|Any CPU.Build.0 = Debug|Any CPU
		{1C20DA5C-2878-4393-ABE5-BDBD0FCE40DF}.Release|Any CPU.ActiveCfg = Release|Any CPU
		{1C20DA5C-2878-4393-ABE5-BDBD0FCE40DF}.Release|Any CPU.Build.0 = Release|Any CPU
		{282AD42F-62B5-4984-96A9-A496C33DA159}.Debug|Any CPU.ActiveCfg = Debug|Any CPU
		{282AD42F-62B5-4984-96A9-A496C33DA159}.Debug|Any CPU.Build.0 = Debug|Any CPU
		{282AD42F-62B5-4984-96A9-A496C33DA159}.Release|Any CPU.ActiveCfg = Release|Any CPU
		{282AD42F-62B5-4984-96A9-A496C33DA159}.Release|Any CPU.Build.0 = Release|Any CPU
		{91840955-9B89-463D-A60E-8850948F93C3}.Debug|Any CPU.ActiveCfg = Debug|Any CPU
		{91840955-9B89-463D-A60E-8850948F93C3}.Debug|Any CPU.Build.0 = Debug|Any CPU
		{91840955-9B89-463D-A60E-8850948F93C3}.Release|Any CPU.ActiveCfg = Release|Any CPU
		{91840955-9B89-463D-A60E-8850948F93C3}.Release|Any CPU.Build.0 = Release|Any CPU
		{A0BC2EAA-7290-4053-B961-BF8172AA2321}.Debug|Any CPU.ActiveCfg = Debug|Any CPU
		{A0BC2EAA-7290-4053-B961-BF8172AA2321}.Debug|Any CPU.Build.0 = Debug|Any CPU
		{A0BC2EAA-7290-4053-B961-BF8172AA2321}.Release|Any CPU.ActiveCfg = Release|Any CPU
		{A0BC2EAA-7290-4053-B961-BF8172AA2321}.Release|Any CPU.Build.0 = Release|Any CPU
		{268ED767-FB29-4930-B326-DDEF5249BDE8}.Debug|Any CPU.ActiveCfg = Debug|Any CPU
		{268ED767-FB29-4930-B326-DDEF5249BDE8}.Debug|Any CPU.Build.0 = Debug|Any CPU
		{268ED767-FB29-4930-B326-DDEF5249BDE8}.Release|Any CPU.ActiveCfg = Release|Any CPU
		{268ED767-FB29-4930-B326-DDEF5249BDE8}.Release|Any CPU.Build.0 = Release|Any CPU
	EndGlobalSection
	GlobalSection(SolutionProperties) = preSolution
		HideSolutionNode = FALSE
	EndGlobalSection
	GlobalSection(ExtensibilityGlobals) = postSolution
		SolutionGuid = {6F508421-4DC4-4F34-BD69-BEB4488B6820}
	EndGlobalSection
EndGlobal
